
Microsoft Visual Studio Solution File, Format Version 12.00
# Visual Studio 15
VisualStudioVersion = 15.0.27130.2036
MinimumVisualStudioVersion = 10.0.40219.1
Project("{FAE04EC0-301F-11D3-BF4B-00C04F79EFBC}") = "Point2D", "Point2D\Point2D.csproj", "{7478869A-7999-4C35-8C7A-D65493C8B212}"
EndProject
Global
	GlobalSection(SolutionConfigurationPlatforms) = preSolution
		Debug|Any CPU = Debug|Any CPU
		Release|Any CPU = Release|Any CPU
	EndGlobalSection
	GlobalSection(ProjectConfigurationPlatforms) = postSolution
		{7478869A-7999-4C35-8C7A-D65493C8B212}.Debug|Any CPU.ActiveCfg = Debug|Any CPU
		{7478869A-7999-4C35-8C7A-D65493C8B212}.Debug|Any CPU.Build.0 = Debug|Any CPU
		{7478869A-7999-4C35-8C7A-D65493C8B212}.Release|Any CPU.ActiveCfg = Release|Any CPU
		{7478869A-7999-4C35-8C7A-D65493C8B212}.Release|Any CPU.Build.0 = Release|Any CPU
	EndGlobalSection
	GlobalSection(SolutionProperties) = preSolution
		HideSolutionNode = FALSE
	EndGlobalSection
	GlobalSection(ExtensibilityGlobals) = postSolution
		SolutionGuid = {06BBB99C-4C02-4FBB-B038-FD35ED38F68A}
	EndGlobalSection
EndGlobal
