
Microsoft Visual Studio Solution File, Format Version 12.00
# Visual Studio 15
VisualStudioVersion = 15.0.27130.2036
MinimumVisualStudioVersion = 10.0.40219.1
Project("{FAE04EC0-301F-11D3-BF4B-00C04F79EFBC}") = "Time", "Time\Time.csproj", "{FC32BD90-0BAC-405D-B774-81812A338E62}"
EndProject
Global
	GlobalSection(SolutionConfigurationPlatforms) = preSolution
		Debug|Any CPU = Debug|Any CPU
		Release|Any CPU = Release|Any CPU
	EndGlobalSection
	GlobalSection(ProjectConfigurationPlatforms) = postSolution
		{FC32BD90-0BAC-405D-B774-81812A338E62}.Debug|Any CPU.ActiveCfg = Debug|Any CPU
		{FC32BD90-0BAC-405D-B774-81812A338E62}.Debug|Any CPU.Build.0 = Debug|Any CPU
		{FC32BD90-0BAC-405D-B774-81812A338E62}.Release|Any CPU.ActiveCfg = Release|Any CPU
		{FC32BD90-0BAC-405D-B774-81812A338E62}.Release|Any CPU.Build.0 = Release|Any CPU
	EndGlobalSection
	GlobalSection(SolutionProperties) = preSolution
		HideSolutionNode = FALSE
	EndGlobalSection
	GlobalSection(ExtensibilityGlobals) = postSolution
		SolutionGuid = {967E3368-9B49-4E9E-A55C-02061ABFBFD0}
	EndGlobalSection
EndGlobal
