
Microsoft Visual Studio Solution File, Format Version 12.00
# Visual Studio 15
VisualStudioVersion = 15.0.27130.2036
MinimumVisualStudioVersion = 10.0.40219.1
Project("{FAE04EC0-301F-11D3-BF4B-00C04F79EFBC}") = "ProjetBank", "ProjetBank\ProjetBank.csproj", "{BE89211E-4569-4D95-BF2A-C4DC1166A79B}"
EndProject
Global
	GlobalSection(SolutionConfigurationPlatforms) = preSolution
		Debug|Any CPU = Debug|Any CPU
		Release|Any CPU = Release|Any CPU
	EndGlobalSection
	GlobalSection(ProjectConfigurationPlatforms) = postSolution
		{BE89211E-4569-4D95-BF2A-C4DC1166A79B}.Debug|Any CPU.ActiveCfg = Debug|Any CPU
		{BE89211E-4569-4D95-BF2A-C4DC1166A79B}.Debug|Any CPU.Build.0 = Debug|Any CPU
		{BE89211E-4569-4D95-BF2A-C4DC1166A79B}.Release|Any CPU.ActiveCfg = Release|Any CPU
		{BE89211E-4569-4D95-BF2A-C4DC1166A79B}.Release|Any CPU.Build.0 = Release|Any CPU
	EndGlobalSection
	GlobalSection(SolutionProperties) = preSolution
		HideSolutionNode = FALSE
	EndGlobalSection
	GlobalSection(ExtensibilityGlobals) = postSolution
		SolutionGuid = {E1E9CE52-DB11-4C15-86FE-8BCED329F9C3}
	EndGlobalSection
EndGlobal
